
Microsoft Visual Studio Solution File, Format Version 12.00
# Visual Studio Version 17
VisualStudioVersion = 17.5.33627.172
MinimumVisualStudioVersion = 10.0.40219.1
Project("{9A19103F-16F7-4668-BE54-9A1E7A4F7556}") = "ExpenseSharingApp.API", "ExpenseSharingApp.API\ExpenseSharingApp.API.csproj", "{18E97870-D517-47B6-809C-6EBBF0BEBE24}"
EndProject
Project("{9A19103F-16F7-4668-BE54-9A1E7A4F7556}") = "ExpenseSharingApp.BLL", "ExpenseSharing.BLL\ExpenseSharingApp.BLL.csproj", "{B09BB713-AA88-48AD-B225-0BC4E2235AD4}"
EndProject
Project("{9A19103F-16F7-4668-BE54-9A1E7A4F7556}") = "ExpenseSharingApp.DAL", "ExpenseSharingApp.DAL\ExpenseSharingApp.DAL.csproj", "{DFB7767C-8A73-4F30-9C7E-55E1F7D4E6F6}"
EndProject
Project("{9A19103F-16F7-4668-BE54-9A1E7A4F7556}") = "ExpenseSharingApp.Infrastructure", "ExpenseSharingApp.Infrastructure\ExpenseSharingApp.Infrastructure.csproj", "{1E9B70F0-65BF-463A-B05C-ABDED9251ABA}"
EndProject
Project("{9A19103F-16F7-4668-BE54-9A1E7A4F7556}") = "ExpenseSharingApp.Common", "ExpenseSharingApp.Common\ExpenseSharingApp.Common.csproj", "{CF193F88-4635-4BAC-8CCC-DAE6624E6F7B}"
EndProject
Project("{FAE04EC0-301F-11D3-BF4B-00C04F79EFBC}") = "ExpenseSharingApp.Tests", "ExpenseSharingApp.Tests\ExpenseSharingApp.Tests.csproj", "{F0C81DE5-2991-4BF4-9C6F-FA84198112F7}"
EndProject
Global
	GlobalSection(SolutionConfigurationPlatforms) = preSolution
		Debug|Any CPU = Debug|Any CPU
		Release|Any CPU = Release|Any CPU
	EndGlobalSection
	GlobalSection(ProjectConfigurationPlatforms) = postSolution
		{18E97870-D517-47B6-809C-6EBBF0BEBE24}.Debug|Any CPU.ActiveCfg = Debug|Any CPU
		{18E97870-D517-47B6-809C-6EBBF0BEBE24}.Debug|Any CPU.Build.0 = Debug|Any CPU
		{18E97870-D517-47B6-809C-6EBBF0BEBE24}.Release|Any CPU.ActiveCfg = Release|Any CPU
		{18E97870-D517-47B6-809C-6EBBF0BEBE24}.Release|Any CPU.Build.0 = Release|Any CPU
		{B09BB713-AA88-48AD-B225-0BC4E2235AD4}.Debug|Any CPU.ActiveCfg = Debug|Any CPU
		{B09BB713-AA88-48AD-B225-0BC4E2235AD4}.Debug|Any CPU.Build.0 = Debug|Any CPU
		{B09BB713-AA88-48AD-B225-0BC4E2235AD4}.Release|Any CPU.ActiveCfg = Release|Any CPU
		{B09BB713-AA88-48AD-B225-0BC4E2235AD4}.Release|Any CPU.Build.0 = Release|Any CPU
		{DFB7767C-8A73-4F30-9C7E-55E1F7D4E6F6}.Debug|Any CPU.ActiveCfg = Debug|Any CPU
		{DFB7767C-8A73-4F30-9C7E-55E1F7D4E6F6}.Debug|Any CPU.Build.0 = Debug|Any CPU
		{DFB7767C-8A73-4F30-9C7E-55E1F7D4E6F6}.Release|Any CPU.ActiveCfg = Release|Any CPU
		{DFB7767C-8A73-4F30-9C7E-55E1F7D4E6F6}.Release|Any CPU.Build.0 = Release|Any CPU
		{1E9B70F0-65BF-463A-B05C-ABDED9251ABA}.Debug|Any CPU.ActiveCfg = Debug|Any CPU
		{1E9B70F0-65BF-463A-B05C-ABDED9251ABA}.Debug|Any CPU.Build.0 = Debug|Any CPU
		{1E9B70F0-65BF-463A-B05C-ABDED9251ABA}.Release|Any CPU.ActiveCfg = Release|Any CPU
		{1E9B70F0-65BF-463A-B05C-ABDED9251ABA}.Release|Any CPU.Build.0 = Release|Any CPU
		{CF193F88-4635-4BAC-8CCC-DAE6624E6F7B}.Debug|Any CPU.ActiveCfg = Debug|Any CPU
		{CF193F88-4635-4BAC-8CCC-DAE6624E6F7B}.Debug|Any CPU.Build.0 = Debug|Any CPU
		{CF193F88-4635-4BAC-8CCC-DAE6624E6F7B}.Release|Any CPU.ActiveCfg = Release|Any CPU
		{CF193F88-4635-4BAC-8CCC-DAE6624E6F7B}.Release|Any CPU.Build.0 = Release|Any CPU
		{F0C81DE5-2991-4BF4-9C6F-FA84198112F7}.Debug|Any CPU.ActiveCfg = Debug|Any CPU
		{F0C81DE5-2991-4BF4-9C6F-FA84198112F7}.Debug|Any CPU.Build.0 = Debug|Any CPU
		{F0C81DE5-2991-4BF4-9C6F-FA84198112F7}.Release|Any CPU.ActiveCfg = Release|Any CPU
		{F0C81DE5-2991-4BF4-9C6F-FA84198112F7}.Release|Any CPU.Build.0 = Release|Any CPU
	EndGlobalSection
	GlobalSection(SolutionProperties) = preSolution
		HideSolutionNode = FALSE
	EndGlobalSection
	GlobalSection(ExtensibilityGlobals) = postSolution
		SolutionGuid = {1F7F853C-DD01-4770-AC27-1A08063361CA}
	EndGlobalSection
EndGlobal
